// !$*UTF8*$!
{
	archiveVersion = 1;
	classes = {
	};
	objectVersion = 46;
	objects = {

/* Begin PBXBuildFile section */
		D984418D176EE7E800CB4996 /* UIKit.framework in Frameworks */ = {isa = PBXBuildFile; fileRef = D984418C176EE7E800CB4996 /* UIKit.framework */; };
		D984418F176EE7E800CB4996 /* Foundation.framework in Frameworks */ = {isa = PBXBuildFile; fileRef = D984418E176EE7E800CB4996 /* Foundation.framework */; };
		D9844191176EE7E800CB4996 /* CoreGraphics.framework in Frameworks */ = {isa = PBXBuildFile; fileRef = D9844190176EE7E800CB4996 /* CoreGraphics.framework */; };
		D9844197176EE7E800CB4996 /* InfoPlist.strings in Resources */ = {isa = PBXBuildFile; fileRef = D9844195176EE7E800CB4996 /* InfoPlist.strings */; };
		D9844199176EE7E800CB4996 /* main.m in Sources */ = {isa = PBXBuildFile; fileRef = D9844198176EE7E800CB4996 /* main.m */; };
		D984419D176EE7E800CB4996 /* AppDelegate.m in Sources */ = {isa = PBXBuildFile; fileRef = D984419C176EE7E800CB4996 /* AppDelegate.m */; };
		D984419F176EE7E800CB4996 /* Default.png in Resources */ = {isa = PBXBuildFile; fileRef = D984419E176EE7E800CB4996 /* Default.png */; };
		D98441A1176EE7E800CB4996 /* Default@2x.png in Resources */ = {isa = PBXBuildFile; fileRef = D98441A0176EE7E800CB4996 /* Default@2x.png */; };
		D98441A3176EE7E800CB4996 /* Default-568h@2x.png in Resources */ = {isa = PBXBuildFile; fileRef = D98441A2176EE7E800CB4996 /* Default-568h@2x.png */; };
		D98441A6176EE7E800CB4996 /* ViewController.m in Sources */ = {isa = PBXBuildFile; fileRef = D98441A5176EE7E800CB4996 /* ViewController.m */; };
		D98441A9176EE7E800CB4996 /* ViewController.xib in Resources */ = {isa = PBXBuildFile; fileRef = D98441A7176EE7E800CB4996 /* ViewController.xib */; };
		D988C481177257360042F31D /* AFHTTPClient.m in Sources */ = {isa = PBXBuildFile; fileRef = D988C46F177257360042F31D /* AFHTTPClient.m */; settings = {COMPILER_FLAGS = "-fobjc-arc"; }; };
		D988C482177257360042F31D /* AFHTTPRequestOperation.m in Sources */ = {isa = PBXBuildFile; fileRef = D988C471177257360042F31D /* AFHTTPRequestOperation.m */; settings = {COMPILER_FLAGS = "-fobjc-arc"; }; };
		D988C483177257360042F31D /* AFImageRequestOperation.m in Sources */ = {isa = PBXBuildFile; fileRef = D988C473177257360042F31D /* AFImageRequestOperation.m */; settings = {COMPILER_FLAGS = "-fobjc-arc"; }; };
		D988C484177257360042F31D /* AFJSONRequestOperation.m in Sources */ = {isa = PBXBuildFile; fileRef = D988C475177257360042F31D /* AFJSONRequestOperation.m */; settings = {COMPILER_FLAGS = "-fobjc-arc"; }; };
		D988C485177257360042F31D /* AFNetworkActivityIndicatorManager.m in Sources */ = {isa = PBXBuildFile; fileRef = D988C477177257360042F31D /* AFNetworkActivityIndicatorManager.m */; settings = {COMPILER_FLAGS = "-fobjc-arc"; }; };
		D988C486177257360042F31D /* AFPropertyListRequestOperation.m in Sources */ = {isa = PBXBuildFile; fileRef = D988C47A177257360042F31D /* AFPropertyListRequestOperation.m */; settings = {COMPILER_FLAGS = "-fobjc-arc"; }; };
		D988C487177257360042F31D /* AFURLConnectionOperation.m in Sources */ = {isa = PBXBuildFile; fileRef = D988C47C177257360042F31D /* AFURLConnectionOperation.m */; settings = {COMPILER_FLAGS = "-fobjc-arc"; }; };
		D988C488177257360042F31D /* AFXMLRequestOperation.m in Sources */ = {isa = PBXBuildFile; fileRef = D988C47E177257360042F31D /* AFXMLRequestOperation.m */; settings = {COMPILER_FLAGS = "-fobjc-arc"; }; };
		D988C489177257360042F31D /* UIImageView+AFNetworking.m in Sources */ = {isa = PBXBuildFile; fileRef = D988C480177257360042F31D /* UIImageView+AFNetworking.m */; settings = {COMPILER_FLAGS = "-fobjc-arc"; }; };
		D988C48C177258EB0042F31D /* SystemConfiguration.framework in Frameworks */ = {isa = PBXBuildFile; fileRef = D988C48B177258EB0042F31D /* SystemConfiguration.framework */; };
		D988C48E177259010042F31D /* MobileCoreServices.framework in Frameworks */ = {isa = PBXBuildFile; fileRef = D988C48D177259010042F31D /* MobileCoreServices.framework */; };
		D988C49717725EAA0042F31D /* TargetFunctionBoxViewController.m in Sources */ = {isa = PBXBuildFile; fileRef = D988C49517725EAA0042F31D /* TargetFunctionBoxViewController.m */; };
		D988C49817725EAA0042F31D /* TargetFunctionBoxViewController.xib in Resources */ = {isa = PBXBuildFile; fileRef = D988C49617725EAA0042F31D /* TargetFunctionBoxViewController.xib */; };
		D988C49B17725ECD0042F31D /* TargetFunctionBoxBuilder.m in Sources */ = {isa = PBXBuildFile; fileRef = D988C49A17725ECD0042F31D /* TargetFunctionBoxBuilder.m */; };
		D988C49F177263CE0042F31D /* LimitationsAreaViewController.m in Sources */ = {isa = PBXBuildFile; fileRef = D988C49D177263CE0042F31D /* LimitationsAreaViewController.m */; };
		D988C4A0177263CE0042F31D /* LimitationsAreaViewController.xib in Resources */ = {isa = PBXBuildFile; fileRef = D988C49E177263CE0042F31D /* LimitationsAreaViewController.xib */; };
		D988CCD5177044D000A484D5 /* CellNotSelected.png in Resources */ = {isa = PBXBuildFile; fileRef = D988CCD1177044D000A484D5 /* CellNotSelected.png */; };
		D988CCD6177044D000A484D5 /* CellNotSelected@2x.png in Resources */ = {isa = PBXBuildFile; fileRef = D988CCD2177044D000A484D5 /* CellNotSelected@2x.png */; };
		D988CCD7177044D000A484D5 /* CellSelected.png in Resources */ = {isa = PBXBuildFile; fileRef = D988CCD3177044D000A484D5 /* CellSelected.png */; };
		D988CCD8177044D000A484D5 /* CellSelected@2x.png in Resources */ = {isa = PBXBuildFile; fileRef = D988CCD4177044D000A484D5 /* CellSelected@2x.png */; };
		D988CCF6177089FF00A484D5 /* DataRadioButtonViewController.m in Sources */ = {isa = PBXBuildFile; fileRef = D988CCE7177089FF00A484D5 /* DataRadioButtonViewController.m */; };
		D988CCF7177089FF00A484D5 /* DataRadioButtonViewController.xib in Resources */ = {isa = PBXBuildFile; fileRef = D988CCE8177089FF00A484D5 /* DataRadioButtonViewController.xib */; };
		D988CCF8177089FF00A484D5 /* RadioButton.m in Sources */ = {isa = PBXBuildFile; fileRef = D988CCEB177089FF00A484D5 /* RadioButton.m */; };
		D988CCF9177089FF00A484D5 /* LabelViewController.m in Sources */ = {isa = PBXBuildFile; fileRef = D988CCEE177089FF00A484D5 /* LabelViewController.m */; };
		D988CCFA177089FF00A484D5 /* LabelViewController.xib in Resources */ = {isa = PBXBuildFile; fileRef = D988CCEF177089FF00A484D5 /* LabelViewController.xib */; };
		D988CCFB177089FF00A484D5 /* SignedTextBoxViewController.m in Sources */ = {isa = PBXBuildFile; fileRef = D988CCF2177089FF00A484D5 /* SignedTextBoxViewController.m */; };
		D988CCFC177089FF00A484D5 /* SignedTextBoxViewController.xib in Resources */ = {isa = PBXBuildFile; fileRef = D988CCF3177089FF00A484D5 /* SignedTextBoxViewController.xib */; };
		D988CD0B17708AAA00A484D5 /* DataRadioButtonBuilder.m in Sources */ = {isa = PBXBuildFile; fileRef = D988CD0A17708AA900A484D5 /* DataRadioButtonBuilder.m */; };
		D988CD0E17708ABD00A484D5 /* LabelBuilder.m in Sources */ = {isa = PBXBuildFile; fileRef = D988CD0D17708ABD00A484D5 /* LabelBuilder.m */; };
		D988CD1117708ACF00A484D5 /* SignedTextBoxBuilder.m in Sources */ = {isa = PBXBuildFile; fileRef = D988CD1017708ACF00A484D5 /* SignedTextBoxBuilder.m */; };
		D98925581772DF06004FFBFD /* LppViewController.m in Sources */ = {isa = PBXBuildFile; fileRef = D98925561772DF06004FFBFD /* LppViewController.m */; };
		D98925591772DF06004FFBFD /* LppViewController.xib in Resources */ = {isa = PBXBuildFile; fileRef = D98925571772DF06004FFBFD /* LppViewController.xib */; };
		D989255D1772EDCB004FFBFD /* LppViewBuilder.m in Sources */ = {isa = PBXBuildFile; fileRef = D989255C1772EDCB004FFBFD /* LppViewBuilder.m */; };
		D98925601772EDE2004FFBFD /* LppResultBuilder.m in Sources */ = {isa = PBXBuildFile; fileRef = D989255F1772EDE2004FFBFD /* LppResultBuilder.m */; };
		D98925631772EDF8004FFBFD /* LimitationsAreaBuilder.m in Sources */ = {isa = PBXBuildFile; fileRef = D98925621772EDF8004FFBFD /* LimitationsAreaBuilder.m */; };
		D98925661772EE08004FFBFD /* DppViewBuilder.m in Sources */ = {isa = PBXBuildFile; fileRef = D98925651772EE08004FFBFD /* DppViewBuilder.m */; };
		D98925691772EE22004FFBFD /* SimplexTableViewBuilder.m in Sources */ = {isa = PBXBuildFile; fileRef = D98925681772EE22004FFBFD /* SimplexTableViewBuilder.m */; };
		D989256C1772EE3D004FFBFD /* StepsContainerBuilder.m in Sources */ = {isa = PBXBuildFile; fileRef = D989256B1772EE3D004FFBFD /* StepsContainerBuilder.m */; };
		D98925701772EF80004FFBFD /* DppViewController.m in Sources */ = {isa = PBXBuildFile; fileRef = D989256E1772EF80004FFBFD /* DppViewController.m */; };
		D98925711772EF80004FFBFD /* DppViewController.xib in Resources */ = {isa = PBXBuildFile; fileRef = D989256F1772EF80004FFBFD /* DppViewController.xib */; };
		D98925751772EF93004FFBFD /* LppResultViewController.m in Sources */ = {isa = PBXBuildFile; fileRef = D98925731772EF93004FFBFD /* LppResultViewController.m */; };
		D98925761772EF93004FFBFD /* LppResultViewController.xib in Resources */ = {isa = PBXBuildFile; fileRef = D98925741772EF93004FFBFD /* LppResultViewController.xib */; };
		D989257A1772EFA7004FFBFD /* SimplexTableViewController.m in Sources */ = {isa = PBXBuildFile; fileRef = D98925781772EFA7004FFBFD /* SimplexTableViewController.m */; };
		D989257B1772EFA7004FFBFD /* SimplexTableViewController.xib in Resources */ = {isa = PBXBuildFile; fileRef = D98925791772EFA7004FFBFD /* SimplexTableViewController.xib */; };
		D989257F1772EFBE004FFBFD /* StepsContainerViewController.m in Sources */ = {isa = PBXBuildFile; fileRef = D989257D1772EFBE004FFBFD /* StepsContainerViewController.m */; };
		D98925801772EFBE004FFBFD /* StepsContainerViewController.xib in Resources */ = {isa = PBXBuildFile; fileRef = D989257E1772EFBE004FFBFD /* StepsContainerViewController.xib */; };
/* End PBXBuildFile section */

/* Begin PBXFileReference section */
		D9844188176EE7E800CB4996 /* TeachClient.app */ = {isa = PBXFileReference; explicitFileType = wrapper.application; includeInIndex = 0; path = TeachClient.app; sourceTree = BUILT_PRODUCTS_DIR; };
		D984418C176EE7E800CB4996 /* UIKit.framework */ = {isa = PBXFileReference; lastKnownFileType = wrapper.framework; name = UIKit.framework; path = System/Library/Frameworks/UIKit.framework; sourceTree = SDKROOT; };
		D984418E176EE7E800CB4996 /* Foundation.framework */ = {isa = PBXFileReference; lastKnownFileType = wrapper.framework; name = Foundation.framework; path = System/Library/Frameworks/Foundation.framework; sourceTree = SDKROOT; };
		D9844190176EE7E800CB4996 /* CoreGraphics.framework */ = {isa = PBXFileReference; lastKnownFileType = wrapper.framework; name = CoreGraphics.framework; path = System/Library/Frameworks/CoreGraphics.framework; sourceTree = SDKROOT; };
		D9844194176EE7E800CB4996 /* TeachClient-Info.plist */ = {isa = PBXFileReference; lastKnownFileType = text.plist.xml; path = "TeachClient-Info.plist"; sourceTree = "<group>"; };
		D9844196176EE7E800CB4996 /* en */ = {isa = PBXFileReference; lastKnownFileType = text.plist.strings; name = en; path = en.lproj/InfoPlist.strings; sourceTree = "<group>"; };
		D9844198176EE7E800CB4996 /* main.m */ = {isa = PBXFileReference; lastKnownFileType = sourcecode.c.objc; path = main.m; sourceTree = "<group>"; };
		D984419A176EE7E800CB4996 /* TeachClient-Prefix.pch */ = {isa = PBXFileReference; lastKnownFileType = sourcecode.c.h; path = "TeachClient-Prefix.pch"; sourceTree = "<group>"; };
		D984419B176EE7E800CB4996 /* AppDelegate.h */ = {isa = PBXFileReference; lastKnownFileType = sourcecode.c.h; path = AppDelegate.h; sourceTree = "<group>"; };
		D984419C176EE7E800CB4996 /* AppDelegate.m */ = {isa = PBXFileReference; lastKnownFileType = sourcecode.c.objc; path = AppDelegate.m; sourceTree = "<group>"; };
		D984419E176EE7E800CB4996 /* Default.png */ = {isa = PBXFileReference; lastKnownFileType = image.png; path = Default.png; sourceTree = "<group>"; };
		D98441A0176EE7E800CB4996 /* Default@2x.png */ = {isa = PBXFileReference; lastKnownFileType = image.png; path = "Default@2x.png"; sourceTree = "<group>"; };
		D98441A2176EE7E800CB4996 /* Default-568h@2x.png */ = {isa = PBXFileReference; lastKnownFileType = image.png; path = "Default-568h@2x.png"; sourceTree = "<group>"; };
		D98441A4176EE7E800CB4996 /* ViewController.h */ = {isa = PBXFileReference; lastKnownFileType = sourcecode.c.h; path = ViewController.h; sourceTree = "<group>"; };
		D98441A5176EE7E800CB4996 /* ViewController.m */ = {isa = PBXFileReference; lastKnownFileType = sourcecode.c.objc; path = ViewController.m; sourceTree = "<group>"; };
		D98441A8176EE7E800CB4996 /* en */ = {isa = PBXFileReference; lastKnownFileType = file.xib; name = en; path = en.lproj/ViewController.xib; sourceTree = "<group>"; };
		D988C46E177257360042F31D /* AFHTTPClient.h */ = {isa = PBXFileReference; fileEncoding = 4; lastKnownFileType = sourcecode.c.h; path = AFHTTPClient.h; sourceTree = "<group>"; };
		D988C46F177257360042F31D /* AFHTTPClient.m */ = {isa = PBXFileReference; fileEncoding = 4; lastKnownFileType = sourcecode.c.objc; path = AFHTTPClient.m; sourceTree = "<group>"; };
		D988C470177257360042F31D /* AFHTTPRequestOperation.h */ = {isa = PBXFileReference; fileEncoding = 4; lastKnownFileType = sourcecode.c.h; path = AFHTTPRequestOperation.h; sourceTree = "<group>"; };
		D988C471177257360042F31D /* AFHTTPRequestOperation.m */ = {isa = PBXFileReference; fileEncoding = 4; lastKnownFileType = sourcecode.c.objc; path = AFHTTPRequestOperation.m; sourceTree = "<group>"; };
		D988C472177257360042F31D /* AFImageRequestOperation.h */ = {isa = PBXFileReference; fileEncoding = 4; lastKnownFileType = sourcecode.c.h; path = AFImageRequestOperation.h; sourceTree = "<group>"; };
		D988C473177257360042F31D /* AFImageRequestOperation.m */ = {isa = PBXFileReference; fileEncoding = 4; lastKnownFileType = sourcecode.c.objc; path = AFImageRequestOperation.m; sourceTree = "<group>"; };
		D988C474177257360042F31D /* AFJSONRequestOperation.h */ = {isa = PBXFileReference; fileEncoding = 4; lastKnownFileType = sourcecode.c.h; path = AFJSONRequestOperation.h; sourceTree = "<group>"; };
		D988C475177257360042F31D /* AFJSONRequestOperation.m */ = {isa = PBXFileReference; fileEncoding = 4; lastKnownFileType = sourcecode.c.objc; path = AFJSONRequestOperation.m; sourceTree = "<group>"; };
		D988C476177257360042F31D /* AFNetworkActivityIndicatorManager.h */ = {isa = PBXFileReference; fileEncoding = 4; lastKnownFileType = sourcecode.c.h; path = AFNetworkActivityIndicatorManager.h; sourceTree = "<group>"; };
		D988C477177257360042F31D /* AFNetworkActivityIndicatorManager.m */ = {isa = PBXFileReference; fileEncoding = 4; lastKnownFileType = sourcecode.c.objc; path = AFNetworkActivityIndicatorManager.m; sourceTree = "<group>"; };
		D988C478177257360042F31D /* AFNetworking.h */ = {isa = PBXFileReference; fileEncoding = 4; lastKnownFileType = sourcecode.c.h; path = AFNetworking.h; sourceTree = "<group>"; };
		D988C479177257360042F31D /* AFPropertyListRequestOperation.h */ = {isa = PBXFileReference; fileEncoding = 4; lastKnownFileType = sourcecode.c.h; path = AFPropertyListRequestOperation.h; sourceTree = "<group>"; };
		D988C47A177257360042F31D /* AFPropertyListRequestOperation.m */ = {isa = PBXFileReference; fileEncoding = 4; lastKnownFileType = sourcecode.c.objc; path = AFPropertyListRequestOperation.m; sourceTree = "<group>"; };
		D988C47B177257360042F31D /* AFURLConnectionOperation.h */ = {isa = PBXFileReference; fileEncoding = 4; lastKnownFileType = sourcecode.c.h; path = AFURLConnectionOperation.h; sourceTree = "<group>"; };
		D988C47C177257360042F31D /* AFURLConnectionOperation.m */ = {isa = PBXFileReference; fileEncoding = 4; lastKnownFileType = sourcecode.c.objc; path = AFURLConnectionOperation.m; sourceTree = "<group>"; };
		D988C47D177257360042F31D /* AFXMLRequestOperation.h */ = {isa = PBXFileReference; fileEncoding = 4; lastKnownFileType = sourcecode.c.h; path = AFXMLRequestOperation.h; sourceTree = "<group>"; };
		D988C47E177257360042F31D /* AFXMLRequestOperation.m */ = {isa = PBXFileReference; fileEncoding = 4; lastKnownFileType = sourcecode.c.objc; path = AFXMLRequestOperation.m; sourceTree = "<group>"; };
		D988C47F177257360042F31D /* UIImageView+AFNetworking.h */ = {isa = PBXFileReference; fileEncoding = 4; lastKnownFileType = sourcecode.c.h; path = "UIImageView+AFNetworking.h"; sourceTree = "<group>"; };
		D988C480177257360042F31D /* UIImageView+AFNetworking.m */ = {isa = PBXFileReference; fileEncoding = 4; lastKnownFileType = sourcecode.c.objc; path = "UIImageView+AFNetworking.m"; sourceTree = "<group>"; };
		D988C48B177258EB0042F31D /* SystemConfiguration.framework */ = {isa = PBXFileReference; lastKnownFileType = wrapper.framework; name = SystemConfiguration.framework; path = System/Library/Frameworks/SystemConfiguration.framework; sourceTree = SDKROOT; };
		D988C48D177259010042F31D /* MobileCoreServices.framework */ = {isa = PBXFileReference; lastKnownFileType = wrapper.framework; name = MobileCoreServices.framework; path = System/Library/Frameworks/MobileCoreServices.framework; sourceTree = SDKROOT; };
		D988C49417725EAA0042F31D /* TargetFunctionBoxViewController.h */ = {isa = PBXFileReference; fileEncoding = 4; lastKnownFileType = sourcecode.c.h; path = TargetFunctionBoxViewController.h; sourceTree = "<group>"; };
		D988C49517725EAA0042F31D /* TargetFunctionBoxViewController.m */ = {isa = PBXFileReference; fileEncoding = 4; lastKnownFileType = sourcecode.c.objc; path = TargetFunctionBoxViewController.m; sourceTree = "<group>"; };
		D988C49617725EAA0042F31D /* TargetFunctionBoxViewController.xib */ = {isa = PBXFileReference; fileEncoding = 4; lastKnownFileType = file.xib; path = TargetFunctionBoxViewController.xib; sourceTree = "<group>"; };
		D988C49917725ECD0042F31D /* TargetFunctionBoxBuilder.h */ = {isa = PBXFileReference; fileEncoding = 4; lastKnownFileType = sourcecode.c.h; path = TargetFunctionBoxBuilder.h; sourceTree = "<group>"; };
		D988C49A17725ECD0042F31D /* TargetFunctionBoxBuilder.m */ = {isa = PBXFileReference; fileEncoding = 4; lastKnownFileType = sourcecode.c.objc; path = TargetFunctionBoxBuilder.m; sourceTree = "<group>"; };
		D988C49C177263CE0042F31D /* LimitationsAreaViewController.h */ = {isa = PBXFileReference; fileEncoding = 4; lastKnownFileType = sourcecode.c.h; path = LimitationsAreaViewController.h; sourceTree = "<group>"; };
		D988C49D177263CE0042F31D /* LimitationsAreaViewController.m */ = {isa = PBXFileReference; fileEncoding = 4; lastKnownFileType = sourcecode.c.objc; path = LimitationsAreaViewController.m; sourceTree = "<group>"; };
		D988C49E177263CE0042F31D /* LimitationsAreaViewController.xib */ = {isa = PBXFileReference; fileEncoding = 4; lastKnownFileType = file.xib; path = LimitationsAreaViewController.xib; sourceTree = "<group>"; };
		D988CCD1177044D000A484D5 /* CellNotSelected.png */ = {isa = PBXFileReference; lastKnownFileType = image.png; path = CellNotSelected.png; sourceTree = "<group>"; };
		D988CCD2177044D000A484D5 /* CellNotSelected@2x.png */ = {isa = PBXFileReference; lastKnownFileType = image.png; path = "CellNotSelected@2x.png"; sourceTree = "<group>"; };
		D988CCD3177044D000A484D5 /* CellSelected.png */ = {isa = PBXFileReference; lastKnownFileType = image.png; path = CellSelected.png; sourceTree = "<group>"; };
		D988CCD4177044D000A484D5 /* CellSelected@2x.png */ = {isa = PBXFileReference; lastKnownFileType = image.png; path = "CellSelected@2x.png"; sourceTree = "<group>"; };
		D988CCE6177089FF00A484D5 /* DataRadioButtonViewController.h */ = {isa = PBXFileReference; fileEncoding = 4; lastKnownFileType = sourcecode.c.h; path = DataRadioButtonViewController.h; sourceTree = "<group>"; };
		D988CCE7177089FF00A484D5 /* DataRadioButtonViewController.m */ = {isa = PBXFileReference; fileEncoding = 4; lastKnownFileType = sourcecode.c.objc; path = DataRadioButtonViewController.m; sourceTree = "<group>"; };
		D988CCE8177089FF00A484D5 /* DataRadioButtonViewController.xib */ = {isa = PBXFileReference; fileEncoding = 4; lastKnownFileType = file.xib; path = DataRadioButtonViewController.xib; sourceTree = "<group>"; };
		D988CCEA177089FF00A484D5 /* RadioButton.h */ = {isa = PBXFileReference; fileEncoding = 4; lastKnownFileType = sourcecode.c.h; path = RadioButton.h; sourceTree = "<group>"; };
		D988CCEB177089FF00A484D5 /* RadioButton.m */ = {isa = PBXFileReference; fileEncoding = 4; lastKnownFileType = sourcecode.c.objc; path = RadioButton.m; sourceTree = "<group>"; };
		D988CCED177089FF00A484D5 /* LabelViewController.h */ = {isa = PBXFileReference; fileEncoding = 4; lastKnownFileType = sourcecode.c.h; path = LabelViewController.h; sourceTree = "<group>"; };
		D988CCEE177089FF00A484D5 /* LabelViewController.m */ = {isa = PBXFileReference; fileEncoding = 4; lastKnownFileType = sourcecode.c.objc; path = LabelViewController.m; sourceTree = "<group>"; };
		D988CCEF177089FF00A484D5 /* LabelViewController.xib */ = {isa = PBXFileReference; fileEncoding = 4; lastKnownFileType = file.xib; path = LabelViewController.xib; sourceTree = "<group>"; };
		D988CCF1177089FF00A484D5 /* SignedTextBoxViewController.h */ = {isa = PBXFileReference; fileEncoding = 4; lastKnownFileType = sourcecode.c.h; path = SignedTextBoxViewController.h; sourceTree = "<group>"; };
		D988CCF2177089FF00A484D5 /* SignedTextBoxViewController.m */ = {isa = PBXFileReference; fileEncoding = 4; lastKnownFileType = sourcecode.c.objc; path = SignedTextBoxViewController.m; sourceTree = "<group>"; };
		D988CCF3177089FF00A484D5 /* SignedTextBoxViewController.xib */ = {isa = PBXFileReference; fileEncoding = 4; lastKnownFileType = file.xib; path = SignedTextBoxViewController.xib; sourceTree = "<group>"; };
		D988CCF5177089FF00A484D5 /* UiItemProtocol.h */ = {isa = PBXFileReference; fileEncoding = 4; lastKnownFileType = sourcecode.c.h; path = UiItemProtocol.h; sourceTree = "<group>"; };
		D988CD0917708AA900A484D5 /* DataRadioButtonBuilder.h */ = {isa = PBXFileReference; fileEncoding = 4; lastKnownFileType = sourcecode.c.h; path = DataRadioButtonBuilder.h; sourceTree = "<group>"; };
		D988CD0A17708AA900A484D5 /* DataRadioButtonBuilder.m */ = {isa = PBXFileReference; fileEncoding = 4; lastKnownFileType = sourcecode.c.objc; path = DataRadioButtonBuilder.m; sourceTree = "<group>"; };
		D988CD0C17708ABD00A484D5 /* LabelBuilder.h */ = {isa = PBXFileReference; fileEncoding = 4; lastKnownFileType = sourcecode.c.h; path = LabelBuilder.h; sourceTree = "<group>"; };
		D988CD0D17708ABD00A484D5 /* LabelBuilder.m */ = {isa = PBXFileReference; fileEncoding = 4; lastKnownFileType = sourcecode.c.objc; path = LabelBuilder.m; sourceTree = "<group>"; };
		D988CD0F17708ACF00A484D5 /* SignedTextBoxBuilder.h */ = {isa = PBXFileReference; fileEncoding = 4; lastKnownFileType = sourcecode.c.h; path = SignedTextBoxBuilder.h; sourceTree = "<group>"; };
		D988CD1017708ACF00A484D5 /* SignedTextBoxBuilder.m */ = {isa = PBXFileReference; fileEncoding = 4; lastKnownFileType = sourcecode.c.objc; path = SignedTextBoxBuilder.m; sourceTree = "<group>"; };
		D988CD1217708AF500A484D5 /* UiItemBuilderProtocol.h */ = {isa = PBXFileReference; lastKnownFileType = sourcecode.c.h; path = UiItemBuilderProtocol.h; sourceTree = "<group>"; };
		D98925551772DF06004FFBFD /* LppViewController.h */ = {isa = PBXFileReference; fileEncoding = 4; lastKnownFileType = sourcecode.c.h; path = LppViewController.h; sourceTree = "<group>"; };
		D98925561772DF06004FFBFD /* LppViewController.m */ = {isa = PBXFileReference; fileEncoding = 4; lastKnownFileType = sourcecode.c.objc; path = LppViewController.m; sourceTree = "<group>"; };
		D98925571772DF06004FFBFD /* LppViewController.xib */ = {isa = PBXFileReference; fileEncoding = 4; lastKnownFileType = file.xib; path = LppViewController.xib; sourceTree = "<group>"; };
		D989255B1772EDCB004FFBFD /* LppViewBuilder.h */ = {isa = PBXFileReference; fileEncoding = 4; lastKnownFileType = sourcecode.c.h; path = LppViewBuilder.h; sourceTree = "<group>"; };
		D989255C1772EDCB004FFBFD /* LppViewBuilder.m */ = {isa = PBXFileReference; fileEncoding = 4; lastKnownFileType = sourcecode.c.objc; path = LppViewBuilder.m; sourceTree = "<group>"; };
		D989255E1772EDE2004FFBFD /* LppResultBuilder.h */ = {isa = PBXFileReference; fileEncoding = 4; lastKnownFileType = sourcecode.c.h; path = LppResultBuilder.h; sourceTree = "<group>"; };
		D989255F1772EDE2004FFBFD /* LppResultBuilder.m */ = {isa = PBXFileReference; fileEncoding = 4; lastKnownFileType = sourcecode.c.objc; path = LppResultBuilder.m; sourceTree = "<group>"; };
		D98925611772EDF8004FFBFD /* LimitationsAreaBuilder.h */ = {isa = PBXFileReference; fileEncoding = 4; lastKnownFileType = sourcecode.c.h; path = LimitationsAreaBuilder.h; sourceTree = "<group>"; };
		D98925621772EDF8004FFBFD /* LimitationsAreaBuilder.m */ = {isa = PBXFileReference; fileEncoding = 4; lastKnownFileType = sourcecode.c.objc; path = LimitationsAreaBuilder.m; sourceTree = "<group>"; };
		D98925641772EE08004FFBFD /* DppViewBuilder.h */ = {isa = PBXFileReference; fileEncoding = 4; lastKnownFileType = sourcecode.c.h; path = DppViewBuilder.h; sourceTree = "<group>"; };
		D98925651772EE08004FFBFD /* DppViewBuilder.m */ = {isa = PBXFileReference; fileEncoding = 4; lastKnownFileType = sourcecode.c.objc; path = DppViewBuilder.m; sourceTree = "<group>"; };
		D98925671772EE22004FFBFD /* SimplexTableViewBuilder.h */ = {isa = PBXFileReference; fileEncoding = 4; lastKnownFileType = sourcecode.c.h; path = SimplexTableViewBuilder.h; sourceTree = "<group>"; };
		D98925681772EE22004FFBFD /* SimplexTableViewBuilder.m */ = {isa = PBXFileReference; fileEncoding = 4; lastKnownFileType = sourcecode.c.objc; path = SimplexTableViewBuilder.m; sourceTree = "<group>"; };
		D989256A1772EE3D004FFBFD /* StepsContainerBuilder.h */ = {isa = PBXFileReference; fileEncoding = 4; lastKnownFileType = sourcecode.c.h; path = StepsContainerBuilder.h; sourceTree = "<group>"; };
		D989256B1772EE3D004FFBFD /* StepsContainerBuilder.m */ = {isa = PBXFileReference; fileEncoding = 4; lastKnownFileType = sourcecode.c.objc; path = StepsContainerBuilder.m; sourceTree = "<group>"; };
		D989256D1772EF80004FFBFD /* DppViewController.h */ = {isa = PBXFileReference; fileEncoding = 4; lastKnownFileType = sourcecode.c.h; path = DppViewController.h; sourceTree = "<group>"; };
		D989256E1772EF80004FFBFD /* DppViewController.m */ = {isa = PBXFileReference; fileEncoding = 4; lastKnownFileType = sourcecode.c.objc; path = DppViewController.m; sourceTree = "<group>"; };
		D989256F1772EF80004FFBFD /* DppViewController.xib */ = {isa = PBXFileReference; fileEncoding = 4; lastKnownFileType = file.xib; path = DppViewController.xib; sourceTree = "<group>"; };
		D98925721772EF93004FFBFD /* LppResultViewController.h */ = {isa = PBXFileReference; fileEncoding = 4; lastKnownFileType = sourcecode.c.h; path = LppResultViewController.h; sourceTree = "<group>"; };
		D98925731772EF93004FFBFD /* LppResultViewController.m */ = {isa = PBXFileReference; fileEncoding = 4; lastKnownFileType = sourcecode.c.objc; path = LppResultViewController.m; sourceTree = "<group>"; };
		D98925741772EF93004FFBFD /* LppResultViewController.xib */ = {isa = PBXFileReference; fileEncoding = 4; lastKnownFileType = file.xib; path = LppResultViewController.xib; sourceTree = "<group>"; };
		D98925771772EFA7004FFBFD /* SimplexTableViewController.h */ = {isa = PBXFileReference; fileEncoding = 4; lastKnownFileType = sourcecode.c.h; path = SimplexTableViewController.h; sourceTree = "<group>"; };
		D98925781772EFA7004FFBFD /* SimplexTableViewController.m */ = {isa = PBXFileReference; fileEncoding = 4; lastKnownFileType = sourcecode.c.objc; path = SimplexTableViewController.m; sourceTree = "<group>"; };
		D98925791772EFA7004FFBFD /* SimplexTableViewController.xib */ = {isa = PBXFileReference; fileEncoding = 4; lastKnownFileType = file.xib; path = SimplexTableViewController.xib; sourceTree = "<group>"; };
		D989257C1772EFBE004FFBFD /* StepsContainerViewController.h */ = {isa = PBXFileReference; fileEncoding = 4; lastKnownFileType = sourcecode.c.h; path = StepsContainerViewController.h; sourceTree = "<group>"; };
		D989257D1772EFBE004FFBFD /* StepsContainerViewController.m */ = {isa = PBXFileReference; fileEncoding = 4; lastKnownFileType = sourcecode.c.objc; path = StepsContainerViewController.m; sourceTree = "<group>"; };
		D989257E1772EFBE004FFBFD /* StepsContainerViewController.xib */ = {isa = PBXFileReference; fileEncoding = 4; lastKnownFileType = file.xib; path = StepsContainerViewController.xib; sourceTree = "<group>"; };
/* End PBXFileReference section */

/* Begin PBXFrameworksBuildPhase section */
		D9844185176EE7E800CB4996 /* Frameworks */ = {
			isa = PBXFrameworksBuildPhase;
			buildActionMask = 2147483647;
			files = (
				D988C48E177259010042F31D /* MobileCoreServices.framework in Frameworks */,
				D988C48C177258EB0042F31D /* SystemConfiguration.framework in Frameworks */,
				D984418D176EE7E800CB4996 /* UIKit.framework in Frameworks */,
				D984418F176EE7E800CB4996 /* Foundation.framework in Frameworks */,
				D9844191176EE7E800CB4996 /* CoreGraphics.framework in Frameworks */,
			);
			runOnlyForDeploymentPostprocessing = 0;
		};
/* End PBXFrameworksBuildPhase section */

/* Begin PBXGroup section */
		D984417D176EE7E800CB4996 = {
			isa = PBXGroup;
			children = (
				D9844192176EE7E800CB4996 /* TeachClient */,
				D984418B176EE7E800CB4996 /* Frameworks */,
				D9844189176EE7E800CB4996 /* Products */,
			);
			sourceTree = "<group>";
		};
		D9844189176EE7E800CB4996 /* Products */ = {
			isa = PBXGroup;
			children = (
				D9844188176EE7E800CB4996 /* TeachClient.app */,
			);
			name = Products;
			sourceTree = "<group>";
		};
		D984418B176EE7E800CB4996 /* Frameworks */ = {
			isa = PBXGroup;
			children = (
				D988C48D177259010042F31D /* MobileCoreServices.framework */,
				D988C48B177258EB0042F31D /* SystemConfiguration.framework */,
				D984418C176EE7E800CB4996 /* UIKit.framework */,
				D984418E176EE7E800CB4996 /* Foundation.framework */,
				D9844190176EE7E800CB4996 /* CoreGraphics.framework */,
			);
			name = Frameworks;
			sourceTree = "<group>";
		};
		D9844192176EE7E800CB4996 /* TeachClient */ = {
			isa = PBXGroup;
			children = (
				D988C46C177257360042F31D /* libraries */,
				D988CCCF177044D000A484D5 /* resources */,
				D98441AF176EE8F400CB4996 /* classes */,
				D984419B176EE7E800CB4996 /* AppDelegate.h */,
				D984419C176EE7E800CB4996 /* AppDelegate.m */,
				D98441A4176EE7E800CB4996 /* ViewController.h */,
				D98441A5176EE7E800CB4996 /* ViewController.m */,
				D98441A7176EE7E800CB4996 /* ViewController.xib */,
				D9844193176EE7E800CB4996 /* Supporting Files */,
			);
			path = TeachClient;
			sourceTree = "<group>";
		};
		D9844193176EE7E800CB4996 /* Supporting Files */ = {
			isa = PBXGroup;
			children = (
				D9844194176EE7E800CB4996 /* TeachClient-Info.plist */,
				D9844195176EE7E800CB4996 /* InfoPlist.strings */,
				D9844198176EE7E800CB4996 /* main.m */,
				D984419A176EE7E800CB4996 /* TeachClient-Prefix.pch */,
				D984419E176EE7E800CB4996 /* Default.png */,
				D98441A0176EE7E800CB4996 /* Default@2x.png */,
				D98441A2176EE7E800CB4996 /* Default-568h@2x.png */,
			);
			name = "Supporting Files";
			sourceTree = "<group>";
		};
		D98441AF176EE8F400CB4996 /* classes */ = {
			isa = PBXGroup;
			children = (
				D988CCDA177089FF00A484D5 /* builders */,
				D988CCDB177089FF00A484D5 /* declarations */,
				D988CCF4177089FF00A484D5 /* interfaces */,
			);
			path = classes;
			sourceTree = "<group>";
		};
		D988C46C177257360042F31D /* libraries */ = {
			isa = PBXGroup;
			children = (
				D988C46D177257360042F31D /* AFNetworking */,
			);
			path = libraries;
			sourceTree = "<group>";
		};
		D988C46D177257360042F31D /* AFNetworking */ = {
			isa = PBXGroup;
			children = (
				D988C46E177257360042F31D /* AFHTTPClient.h */,
				D988C46F177257360042F31D /* AFHTTPClient.m */,
				D988C470177257360042F31D /* AFHTTPRequestOperation.h */,
				D988C471177257360042F31D /* AFHTTPRequestOperation.m */,
				D988C472177257360042F31D /* AFImageRequestOperation.h */,
				D988C473177257360042F31D /* AFImageRequestOperation.m */,
				D988C474177257360042F31D /* AFJSONRequestOperation.h */,
				D988C475177257360042F31D /* AFJSONRequestOperation.m */,
				D988C476177257360042F31D /* AFNetworkActivityIndicatorManager.h */,
				D988C477177257360042F31D /* AFNetworkActivityIndicatorManager.m */,
				D988C478177257360042F31D /* AFNetworking.h */,
				D988C479177257360042F31D /* AFPropertyListRequestOperation.h */,
				D988C47A177257360042F31D /* AFPropertyListRequestOperation.m */,
				D988C47B177257360042F31D /* AFURLConnectionOperation.h */,
				D988C47C177257360042F31D /* AFURLConnectionOperation.m */,
				D988C47D177257360042F31D /* AFXMLRequestOperation.h */,
				D988C47E177257360042F31D /* AFXMLRequestOperation.m */,
				D988C47F177257360042F31D /* UIImageView+AFNetworking.h */,
				D988C480177257360042F31D /* UIImageView+AFNetworking.m */,
			);
			path = AFNetworking;
			sourceTree = "<group>";
		};
		D988CCCF177044D000A484D5 /* resources */ = {
			isa = PBXGroup;
			children = (
				D988CCD0177044D000A484D5 /* images */,
			);
			path = resources;
			sourceTree = "<group>";
		};
		D988CCD0177044D000A484D5 /* images */ = {
			isa = PBXGroup;
			children = (
				D988CCD1177044D000A484D5 /* CellNotSelected.png */,
				D988CCD2177044D000A484D5 /* CellNotSelected@2x.png */,
				D988CCD3177044D000A484D5 /* CellSelected.png */,
				D988CCD4177044D000A484D5 /* CellSelected@2x.png */,
			);
			path = images;
			sourceTree = "<group>";
		};
		D988CCDA177089FF00A484D5 /* builders */ = {
			isa = PBXGroup;
			children = (
				D988CCFD17708A7F00A484D5 /* MathProgrammingControls */,
				D988CD0517708A7F00A484D5 /* UserControls */,
			);
			path = builders;
			sourceTree = "<group>";
		};
		D988CCDB177089FF00A484D5 /* declarations */ = {
			isa = PBXGroup;
			children = (
				D988CCDC177089FF00A484D5 /* MathProgrammingControls */,
				D988CCE4177089FF00A484D5 /* UserControls */,
			);
			path = declarations;
			sourceTree = "<group>";
		};
		D988CCDC177089FF00A484D5 /* MathProgrammingControls */ = {
			isa = PBXGroup;
			children = (
				D988CCDD177089FF00A484D5 /* DppView */,
				D988CCDE177089FF00A484D5 /* LimitationsArea */,
				D988CCDF177089FF00A484D5 /* LppResult */,
				D988CCE0177089FF00A484D5 /* LppView */,
				D988CCE1177089FF00A484D5 /* SimplexTableView */,
				D988CCE2177089FF00A484D5 /* StepsContainer */,
				D988CCE3177089FF00A484D5 /* TargetFunctionBox */,
			);
			path = MathProgrammingControls;
			sourceTree = "<group>";
		};
		D988CCDD177089FF00A484D5 /* DppView */ = {
			isa = PBXGroup;
			children = (
				D989256D1772EF80004FFBFD /* DppViewController.h */,
				D989256E1772EF80004FFBFD /* DppViewController.m */,
				D989256F1772EF80004FFBFD /* DppViewController.xib */,
			);
			path = DppView;
			sourceTree = "<group>";
		};
		D988CCDE177089FF00A484D5 /* LimitationsArea */ = {
			isa = PBXGroup;
			children = (
				D988C49C177263CE0042F31D /* LimitationsAreaViewController.h */,
				D988C49D177263CE0042F31D /* LimitationsAreaViewController.m */,
				D988C49E177263CE0042F31D /* LimitationsAreaViewController.xib */,
			);
			path = LimitationsArea;
			sourceTree = "<group>";
		};
		D988CCDF177089FF00A484D5 /* LppResult */ = {
			isa = PBXGroup;
			children = (
				D98925721772EF93004FFBFD /* LppResultViewController.h */,
				D98925731772EF93004FFBFD /* LppResultViewController.m */,
				D98925741772EF93004FFBFD /* LppResultViewController.xib */,
			);
			path = LppResult;
			sourceTree = "<group>";
		};
		D988CCE0177089FF00A484D5 /* LppView */ = {
			isa = PBXGroup;
			children = (
				D98925551772DF06004FFBFD /* LppViewController.h */,
				D98925561772DF06004FFBFD /* LppViewController.m */,
				D98925571772DF06004FFBFD /* LppViewController.xib */,
			);
			path = LppView;
			sourceTree = "<group>";
		};
		D988CCE1177089FF00A484D5 /* SimplexTableView */ = {
			isa = PBXGroup;
			children = (
				D98925771772EFA7004FFBFD /* SimplexTableViewController.h */,
				D98925781772EFA7004FFBFD /* SimplexTableViewController.m */,
				D98925791772EFA7004FFBFD /* SimplexTableViewController.xib */,
			);
			path = SimplexTableView;
			sourceTree = "<group>";
		};
		D988CCE2177089FF00A484D5 /* StepsContainer */ = {
			isa = PBXGroup;
			children = (
				D989257C1772EFBE004FFBFD /* StepsContainerViewController.h */,
				D989257D1772EFBE004FFBFD /* StepsContainerViewController.m */,
				D989257E1772EFBE004FFBFD /* StepsContainerViewController.xib */,
			);
			path = StepsContainer;
			sourceTree = "<group>";
		};
		D988CCE3177089FF00A484D5 /* TargetFunctionBox */ = {
			isa = PBXGroup;
			children = (
				D988C49417725EAA0042F31D /* TargetFunctionBoxViewController.h */,
				D988C49517725EAA0042F31D /* TargetFunctionBoxViewController.m */,
				D988C49617725EAA0042F31D /* TargetFunctionBoxViewController.xib */,
			);
			path = TargetFunctionBox;
			sourceTree = "<group>";
		};
		D988CCE4177089FF00A484D5 /* UserControls */ = {
			isa = PBXGroup;
			children = (
				D988CCE5177089FF00A484D5 /* DataRadioButton */,
				D988CCEC177089FF00A484D5 /* Label */,
				D988CCF0177089FF00A484D5 /* SignedTextBox */,
			);
			path = UserControls;
			sourceTree = "<group>";
		};
		D988CCE5177089FF00A484D5 /* DataRadioButton */ = {
			isa = PBXGroup;
			children = (
				D988CCE6177089FF00A484D5 /* DataRadioButtonViewController.h */,
				D988CCE7177089FF00A484D5 /* DataRadioButtonViewController.m */,
				D988CCE8177089FF00A484D5 /* DataRadioButtonViewController.xib */,
				D988CCE9177089FF00A484D5 /* RadioButton */,
			);
			path = DataRadioButton;
			sourceTree = "<group>";
		};
		D988CCE9177089FF00A484D5 /* RadioButton */ = {
			isa = PBXGroup;
			children = (
				D988CCEA177089FF00A484D5 /* RadioButton.h */,
				D988CCEB177089FF00A484D5 /* RadioButton.m */,
			);
			path = RadioButton;
			sourceTree = "<group>";
		};
		D988CCEC177089FF00A484D5 /* Label */ = {
			isa = PBXGroup;
			children = (
				D988CCED177089FF00A484D5 /* LabelViewController.h */,
				D988CCEE177089FF00A484D5 /* LabelViewController.m */,
				D988CCEF177089FF00A484D5 /* LabelViewController.xib */,
			);
			path = Label;
			sourceTree = "<group>";
		};
		D988CCF0177089FF00A484D5 /* SignedTextBox */ = {
			isa = PBXGroup;
			children = (
				D988CCF1177089FF00A484D5 /* SignedTextBoxViewController.h */,
				D988CCF2177089FF00A484D5 /* SignedTextBoxViewController.m */,
				D988CCF3177089FF00A484D5 /* SignedTextBoxViewController.xib */,
			);
			path = SignedTextBox;
			sourceTree = "<group>";
		};
		D988CCF4177089FF00A484D5 /* interfaces */ = {
			isa = PBXGroup;
			children = (
				D988CCF5177089FF00A484D5 /* UiItemProtocol.h */,
				D988CD1217708AF500A484D5 /* UiItemBuilderProtocol.h */,
			);
			path = interfaces;
			sourceTree = "<group>";
		};
		D988CCFD17708A7F00A484D5 /* MathProgrammingControls */ = {
			isa = PBXGroup;
			children = (
				D988CCFE17708A7F00A484D5 /* DppViewBuilder */,
				D988CCFF17708A7F00A484D5 /* LimitationsAreaBuilder */,
				D988CD0017708A7F00A484D5 /* LppResultBuilder */,
				D988CD0117708A7F00A484D5 /* LppViewBuilder */,
				D988CD0217708A7F00A484D5 /* SimplexTableViewBuilder */,
				D988CD0317708A7F00A484D5 /* StepsContainerBuilder */,
				D988CD0417708A7F00A484D5 /* TargetFunctionBoxBuilder */,
			);
			path = MathProgrammingControls;
			sourceTree = "<group>";
		};
		D988CCFE17708A7F00A484D5 /* DppViewBuilder */ = {
			isa = PBXGroup;
			children = (
				D98925641772EE08004FFBFD /* DppViewBuilder.h */,
				D98925651772EE08004FFBFD /* DppViewBuilder.m */,
			);
			path = DppViewBuilder;
			sourceTree = "<group>";
		};
		D988CCFF17708A7F00A484D5 /* LimitationsAreaBuilder */ = {
			isa = PBXGroup;
			children = (
				D98925611772EDF8004FFBFD /* LimitationsAreaBuilder.h */,
				D98925621772EDF8004FFBFD /* LimitationsAreaBuilder.m */,
			);
			path = LimitationsAreaBuilder;
			sourceTree = "<group>";
		};
		D988CD0017708A7F00A484D5 /* LppResultBuilder */ = {
			isa = PBXGroup;
			children = (
				D989255E1772EDE2004FFBFD /* LppResultBuilder.h */,
				D989255F1772EDE2004FFBFD /* LppResultBuilder.m */,
			);
			path = LppResultBuilder;
			sourceTree = "<group>";
		};
		D988CD0117708A7F00A484D5 /* LppViewBuilder */ = {
			isa = PBXGroup;
			children = (
				D989255B1772EDCB004FFBFD /* LppViewBuilder.h */,
				D989255C1772EDCB004FFBFD /* LppViewBuilder.m */,
			);
			path = LppViewBuilder;
			sourceTree = "<group>";
		};
		D988CD0217708A7F00A484D5 /* SimplexTableViewBuilder */ = {
			isa = PBXGroup;
			children = (
				D98925671772EE22004FFBFD /* SimplexTableViewBuilder.h */,
				D98925681772EE22004FFBFD /* SimplexTableViewBuilder.m */,
			);
			path = SimplexTableViewBuilder;
			sourceTree = "<group>";
		};
		D988CD0317708A7F00A484D5 /* StepsContainerBuilder */ = {
			isa = PBXGroup;
			children = (
				D989256A1772EE3D004FFBFD /* StepsContainerBuilder.h */,
				D989256B1772EE3D004FFBFD /* StepsContainerBuilder.m */,
			);
			path = StepsContainerBuilder;
			sourceTree = "<group>";
		};
		D988CD0417708A7F00A484D5 /* TargetFunctionBoxBuilder */ = {
			isa = PBXGroup;
			children = (
				D988C49917725ECD0042F31D /* TargetFunctionBoxBuilder.h */,
				D988C49A17725ECD0042F31D /* TargetFunctionBoxBuilder.m */,
			);
			path = TargetFunctionBoxBuilder;
			sourceTree = "<group>";
		};
		D988CD0517708A7F00A484D5 /* UserControls */ = {
			isa = PBXGroup;
			children = (
				D988CD0617708A7F00A484D5 /* DataRadioButtonBuilder */,
				D988CD0717708A7F00A484D5 /* LabelBuilder */,
				D988CD0817708A7F00A484D5 /* SignedTextBoxBuilder */,
			);
			path = UserControls;
			sourceTree = "<group>";
		};
		D988CD0617708A7F00A484D5 /* DataRadioButtonBuilder */ = {
			isa = PBXGroup;
			children = (
				D988CD0917708AA900A484D5 /* DataRadioButtonBuilder.h */,
				D988CD0A17708AA900A484D5 /* DataRadioButtonBuilder.m */,
			);
			path = DataRadioButtonBuilder;
			sourceTree = "<group>";
		};
		D988CD0717708A7F00A484D5 /* LabelBuilder */ = {
			isa = PBXGroup;
			children = (
				D988CD0C17708ABD00A484D5 /* LabelBuilder.h */,
				D988CD0D17708ABD00A484D5 /* LabelBuilder.m */,
			);
			path = LabelBuilder;
			sourceTree = "<group>";
		};
		D988CD0817708A7F00A484D5 /* SignedTextBoxBuilder */ = {
			isa = PBXGroup;
			children = (
				D988CD0F17708ACF00A484D5 /* SignedTextBoxBuilder.h */,
				D988CD1017708ACF00A484D5 /* SignedTextBoxBuilder.m */,
			);
			path = SignedTextBoxBuilder;
			sourceTree = "<group>";
		};
/* End PBXGroup section */

/* Begin PBXNativeTarget section */
		D9844187176EE7E800CB4996 /* TeachClient */ = {
			isa = PBXNativeTarget;
			buildConfigurationList = D98441AC176EE7E800CB4996 /* Build configuration list for PBXNativeTarget "TeachClient" */;
			buildPhases = (
				D9844184176EE7E800CB4996 /* Sources */,
				D9844185176EE7E800CB4996 /* Frameworks */,
				D9844186176EE7E800CB4996 /* Resources */,
			);
			buildRules = (
			);
			dependencies = (
			);
			name = TeachClient;
			productName = TeachClient;
			productReference = D9844188176EE7E800CB4996 /* TeachClient.app */;
			productType = "com.apple.product-type.application";
		};
/* End PBXNativeTarget section */

/* Begin PBXProject section */
		D984417F176EE7E800CB4996 /* Project object */ = {
			isa = PBXProject;
			attributes = {
				LastUpgradeCheck = 0450;
				ORGANIZATIONNAME = QAP;
			};
			buildConfigurationList = D9844182176EE7E800CB4996 /* Build configuration list for PBXProject "TeachClient" */;
			compatibilityVersion = "Xcode 3.2";
			developmentRegion = English;
			hasScannedForEncodings = 0;
			knownRegions = (
				en,
			);
			mainGroup = D984417D176EE7E800CB4996;
			productRefGroup = D9844189176EE7E800CB4996 /* Products */;
			projectDirPath = "";
			projectRoot = "";
			targets = (
				D9844187176EE7E800CB4996 /* TeachClient */,
			);
		};
/* End PBXProject section */

/* Begin PBXResourcesBuildPhase section */
		D9844186176EE7E800CB4996 /* Resources */ = {
			isa = PBXResourcesBuildPhase;
			buildActionMask = 2147483647;
			files = (
				D9844197176EE7E800CB4996 /* InfoPlist.strings in Resources */,
				D984419F176EE7E800CB4996 /* Default.png in Resources */,
				D98441A1176EE7E800CB4996 /* Default@2x.png in Resources */,
				D98441A3176EE7E800CB4996 /* Default-568h@2x.png in Resources */,
				D98441A9176EE7E800CB4996 /* ViewController.xib in Resources */,
				D988CCD5177044D000A484D5 /* CellNotSelected.png in Resources */,
				D988CCD6177044D000A484D5 /* CellNotSelected@2x.png in Resources */,
				D988CCD7177044D000A484D5 /* CellSelected.png in Resources */,
				D988CCD8177044D000A484D5 /* CellSelected@2x.png in Resources */,
				D988CCF7177089FF00A484D5 /* DataRadioButtonViewController.xib in Resources */,
				D988CCFA177089FF00A484D5 /* LabelViewController.xib in Resources */,
				D988CCFC177089FF00A484D5 /* SignedTextBoxViewController.xib in Resources */,
				D988C49817725EAA0042F31D /* TargetFunctionBoxViewController.xib in Resources */,
				D988C4A0177263CE0042F31D /* LimitationsAreaViewController.xib in Resources */,
				D98925591772DF06004FFBFD /* LppViewController.xib in Resources */,
				D98925711772EF80004FFBFD /* DppViewController.xib in Resources */,
				D98925761772EF93004FFBFD /* LppResultViewController.xib in Resources */,
				D989257B1772EFA7004FFBFD /* SimplexTableViewController.xib in Resources */,
				D98925801772EFBE004FFBFD /* StepsContainerViewController.xib in Resources */,
			);
			runOnlyForDeploymentPostprocessing = 0;
		};
/* End PBXResourcesBuildPhase section */

/* Begin PBXSourcesBuildPhase section */
		D9844184176EE7E800CB4996 /* Sources */ = {
			isa = PBXSourcesBuildPhase;
			buildActionMask = 2147483647;
			files = (
				D9844199176EE7E800CB4996 /* main.m in Sources */,
				D984419D176EE7E800CB4996 /* AppDelegate.m in Sources */,
				D98441A6176EE7E800CB4996 /* ViewController.m in Sources */,
				D988CCF6177089FF00A484D5 /* DataRadioButtonViewController.m in Sources */,
				D988CCF8177089FF00A484D5 /* RadioButton.m in Sources */,
				D988CCF9177089FF00A484D5 /* LabelViewController.m in Sources */,
				D988CCFB177089FF00A484D5 /* SignedTextBoxViewController.m in Sources */,
				D988CD0B17708AAA00A484D5 /* DataRadioButtonBuilder.m in Sources */,
				D988CD0E17708ABD00A484D5 /* LabelBuilder.m in Sources */,
				D988CD1117708ACF00A484D5 /* SignedTextBoxBuilder.m in Sources */,
				D988C481177257360042F31D /* AFHTTPClient.m in Sources */,
				D988C482177257360042F31D /* AFHTTPRequestOperation.m in Sources */,
				D988C483177257360042F31D /* AFImageRequestOperation.m in Sources */,
				D988C484177257360042F31D /* AFJSONRequestOperation.m in Sources */,
				D988C485177257360042F31D /* AFNetworkActivityIndicatorManager.m in Sources */,
				D988C486177257360042F31D /* AFPropertyListRequestOperation.m in Sources */,
				D988C487177257360042F31D /* AFURLConnectionOperation.m in Sources */,
				D988C488177257360042F31D /* AFXMLRequestOperation.m in Sources */,
				D988C489177257360042F31D /* UIImageView+AFNetworking.m in Sources */,
				D988C49717725EAA0042F31D /* TargetFunctionBoxViewController.m in Sources */,
				D988C49B17725ECD0042F31D /* TargetFunctionBoxBuilder.m in Sources */,
				D988C49F177263CE0042F31D /* LimitationsAreaViewController.m in Sources */,
				D98925581772DF06004FFBFD /* LppViewController.m in Sources */,
				D989255D1772EDCB004FFBFD /* LppViewBuilder.m in Sources */,
				D98925601772EDE2004FFBFD /* LppResultBuilder.m in Sources */,
				D98925631772EDF8004FFBFD /* LimitationsAreaBuilder.m in Sources */,
				D98925661772EE08004FFBFD /* DppViewBuilder.m in Sources */,
				D98925691772EE22004FFBFD /* SimplexTableViewBuilder.m in Sources */,
				D989256C1772EE3D004FFBFD /* StepsContainerBuilder.m in Sources */,
				D98925701772EF80004FFBFD /* DppViewController.m in Sources */,
				D98925751772EF93004FFBFD /* LppResultViewController.m in Sources */,
				D989257A1772EFA7004FFBFD /* SimplexTableViewController.m in Sources */,
				D989257F1772EFBE004FFBFD /* StepsContainerViewController.m in Sources */,
			);
			runOnlyForDeploymentPostprocessing = 0;
		};
/* End PBXSourcesBuildPhase section */

/* Begin PBXVariantGroup section */
		D9844195176EE7E800CB4996 /* InfoPlist.strings */ = {
			isa = PBXVariantGroup;
			children = (
				D9844196176EE7E800CB4996 /* en */,
			);
			name = InfoPlist.strings;
			sourceTree = "<group>";
		};
		D98441A7176EE7E800CB4996 /* ViewController.xib */ = {
			isa = PBXVariantGroup;
			children = (
				D98441A8176EE7E800CB4996 /* en */,
			);
			name = ViewController.xib;
			sourceTree = "<group>";
		};
/* End PBXVariantGroup section */

/* Begin XCBuildConfiguration section */
		D98441AA176EE7E800CB4996 /* Debug */ = {
			isa = XCBuildConfiguration;
			buildSettings = {
				ALWAYS_SEARCH_USER_PATHS = NO;
				CLANG_CXX_LANGUAGE_STANDARD = "gnu++0x";
				CLANG_CXX_LIBRARY = "libc++";
				CLANG_WARN_EMPTY_BODY = YES;
				CLANG_WARN__DUPLICATE_METHOD_MATCH = YES;
				"CODE_SIGN_IDENTITY[sdk=iphoneos*]" = "iPhone Developer";
				COPY_PHASE_STRIP = NO;
				GCC_C_LANGUAGE_STANDARD = gnu99;
				GCC_DYNAMIC_NO_PIC = NO;
				GCC_OPTIMIZATION_LEVEL = 0;
				GCC_PREPROCESSOR_DEFINITIONS = (
					"DEBUG=1",
					"$(inherited)",
				);
				GCC_SYMBOLS_PRIVATE_EXTERN = NO;
				GCC_WARN_ABOUT_RETURN_TYPE = YES;
				GCC_WARN_UNINITIALIZED_AUTOS = YES;
				GCC_WARN_UNUSED_VARIABLE = YES;
				IPHONEOS_DEPLOYMENT_TARGET = 6.0;
				SDKROOT = iphoneos;
			};
			name = Debug;
		};
		D98441AB176EE7E800CB4996 /* Release */ = {
			isa = XCBuildConfiguration;
			buildSettings = {
				ALWAYS_SEARCH_USER_PATHS = NO;
				CLANG_CXX_LANGUAGE_STANDARD = "gnu++0x";
				CLANG_CXX_LIBRARY = "libc++";
				CLANG_WARN_EMPTY_BODY = YES;
				CLANG_WARN__DUPLICATE_METHOD_MATCH = YES;
				"CODE_SIGN_IDENTITY[sdk=iphoneos*]" = "iPhone Developer";
				COPY_PHASE_STRIP = YES;
				GCC_C_LANGUAGE_STANDARD = gnu99;
				GCC_WARN_ABOUT_RETURN_TYPE = YES;
				GCC_WARN_UNINITIALIZED_AUTOS = YES;
				GCC_WARN_UNUSED_VARIABLE = YES;
				IPHONEOS_DEPLOYMENT_TARGET = 6.0;
				OTHER_CFLAGS = "-DNS_BLOCK_ASSERTIONS=1";
				SDKROOT = iphoneos;
				VALIDATE_PRODUCT = YES;
			};
			name = Release;
		};
		D98441AD176EE7E800CB4996 /* Debug */ = {
			isa = XCBuildConfiguration;
			buildSettings = {
				GCC_PRECOMPILE_PREFIX_HEADER = YES;
				GCC_PREFIX_HEADER = "TeachClient/TeachClient-Prefix.pch";
				INFOPLIST_FILE = "TeachClient/TeachClient-Info.plist";
				IPHONEOS_DEPLOYMENT_TARGET = 5.0;
				PRODUCT_NAME = "$(TARGET_NAME)";
				SDKROOT = iphoneos6.0;
				TARGETED_DEVICE_FAMILY = 2;
				WRAPPER_EXTENSION = app;
			};
			name = Debug;
		};
		D98441AE176EE7E800CB4996 /* Release */ = {
			isa = XCBuildConfiguration;
			buildSettings = {
				GCC_PRECOMPILE_PREFIX_HEADER = YES;
				GCC_PREFIX_HEADER = "TeachClient/TeachClient-Prefix.pch";
				INFOPLIST_FILE = "TeachClient/TeachClient-Info.plist";
				IPHONEOS_DEPLOYMENT_TARGET = 5.0;
				PRODUCT_NAME = "$(TARGET_NAME)";
				SDKROOT = iphoneos6.0;
				TARGETED_DEVICE_FAMILY = 2;
				WRAPPER_EXTENSION = app;
			};
			name = Release;
		};
/* End XCBuildConfiguration section */

/* Begin XCConfigurationList section */
		D9844182176EE7E800CB4996 /* Build configuration list for PBXProject "TeachClient" */ = {
			isa = XCConfigurationList;
			buildConfigurations = (
				D98441AA176EE7E800CB4996 /* Debug */,
				D98441AB176EE7E800CB4996 /* Release */,
			);
			defaultConfigurationIsVisible = 0;
			defaultConfigurationName = Release;
		};
		D98441AC176EE7E800CB4996 /* Build configuration list for PBXNativeTarget "TeachClient" */ = {
			isa = XCConfigurationList;
			buildConfigurations = (
				D98441AD176EE7E800CB4996 /* Debug */,
				D98441AE176EE7E800CB4996 /* Release */,
			);
			defaultConfigurationIsVisible = 0;
			defaultConfigurationName = Release;
		};
/* End XCConfigurationList section */
	};
	rootObject = D984417F176EE7E800CB4996 /* Project object */;
}
