
Microsoft Visual Studio Solution File, Format Version 10.00
# Visual Studio 2008
Project("{FAE04EC0-301F-11D3-BF4B-00C04F79EFBC}") = "TheachingProgram", "TheachingProgram\TheachingProgram.csproj", "{DB3CC4BD-54C7-40FE-915A-FAF83A897453}"
EndProject
Project("{2150E333-8FDC-42A3-9474-1A3956D46DE8}") = "Kernel", "Kernel", "{5CCA54FF-ABD8-4285-A698-1E4D93643A1D}"
EndProject
Project("{FAE04EC0-301F-11D3-BF4B-00C04F79EFBC}") = "ModelKernel", "ModelKernel\ModelKernel.csproj", "{B483BE97-299E-465E-86D6-C8705464E16F}"
EndProject
Project("{2150E333-8FDC-42A3-9474-1A3956D46DE8}") = "Libraries", "Libraries", "{D8DAE76D-26AC-4F68-9932-C334F24C0A55}"
EndProject
Project("{FAE04EC0-301F-11D3-BF4B-00C04F79EFBC}") = "MathTypes", "MathTypes\MathTypes.csproj", "{8E6E82CC-A259-49F5-85CF-46695B89314C}"
EndProject
Project("{FAE04EC0-301F-11D3-BF4B-00C04F79EFBC}") = "MathProgrammingItems", "MathProgrammingItems\MathProgrammingItems.csproj", "{A7AB460C-CA0B-4502-A7C4-1BAD1DD775C2}"
EndProject
Project("{2150E333-8FDC-42A3-9474-1A3956D46DE8}") = "Plugins", "Plugins", "{D51BFDB5-07BA-4138-8057-F02D8AEBA9BB}"
EndProject
Project("{FAE04EC0-301F-11D3-BF4B-00C04F79EFBC}") = "PluginExamples", "PluginExamples\PluginExamples.csproj", "{FCE8BB72-D57E-4FB2-A26A-17AB4A953024}"
EndProject
Project("{FAE04EC0-301F-11D3-BF4B-00C04F79EFBC}") = "BasicControls", "Controls\BasicControls.csproj", "{8F3E3C4C-178C-4933-BDE9-5C78240B355A}"
EndProject
Project("{FAE04EC0-301F-11D3-BF4B-00C04F79EFBC}") = "Presenter", "PresenterKernel\Presenter.csproj", "{0FC21FFE-BA69-48BB-9D18-C50679B6BDBD}"
EndProject
Project("{2150E333-8FDC-42A3-9474-1A3956D46DE8}") = "Simplex", "Simplex", "{1C87B378-6081-4119-B495-9FB4E4104A22}"
EndProject
Project("{2150E333-8FDC-42A3-9474-1A3956D46DE8}") = "Gomory", "Gomory", "{E3EF28B4-FBFE-408C-B704-EAC890D226F1}"
EndProject
Project("{FAE04EC0-301F-11D3-BF4B-00C04F79EFBC}") = "GomoryMethods", "GomoryMethods\GomoryMethods.csproj", "{69481EFF-109B-4B3F-823F-C80DA55C32C3}"
EndProject
Project("{FAE04EC0-301F-11D3-BF4B-00C04F79EFBC}") = "GomoryFirstMethodTeaching", "GomoryFirstMethodTeaching\GomoryFirstMethodTeaching.csproj", "{F0849145-F45C-4161-B577-BA1962BE5CD2}"
EndProject
Project("{FAE04EC0-301F-11D3-BF4B-00C04F79EFBC}") = "GomorySecondMethodTeaching", "GomorySecondMethodTeaching\GomorySecondMethodTeaching.csproj", "{212B3A1C-5280-4E83-ACD9-A0D884956389}"
EndProject
Project("{FAE04EC0-301F-11D3-BF4B-00C04F79EFBC}") = "SimplexMethodTeaching", "SimplexMethodTeaching\SimplexMethodTeaching.csproj", "{857CB9AE-9E4B-4E0D-95EF-3A6DC0902B95}"
EndProject
Project("{FAE04EC0-301F-11D3-BF4B-00C04F79EFBC}") = "DualSimplexMethodTeaching", "DualSimplexMethodTeaching\DualSimplexMethodTeaching.csproj", "{8E4DCAFE-B8BD-4214-8744-7AB3AC2F7E63}"
EndProject
Project("{FAE04EC0-301F-11D3-BF4B-00C04F79EFBC}") = "MathProgrammingControls", "MathProgrammingControls\MathProgrammingControls.csproj", "{01EA2A7C-311D-40AD-B3D6-62F00CC0320C}"
EndProject
Project("{FAE04EC0-301F-11D3-BF4B-00C04F79EFBC}") = "TeachingSite", "TeachingSite\TeachingSite.csproj", "{83E49314-0C12-4934-8821-C46C66184555}"
EndProject
Global
	GlobalSection(SolutionConfigurationPlatforms) = preSolution
		Debug|Any CPU = Debug|Any CPU
		Release|Any CPU = Release|Any CPU
	EndGlobalSection
	GlobalSection(ProjectConfigurationPlatforms) = postSolution
		{DB3CC4BD-54C7-40FE-915A-FAF83A897453}.Debug|Any CPU.ActiveCfg = Debug|Any CPU
		{DB3CC4BD-54C7-40FE-915A-FAF83A897453}.Debug|Any CPU.Build.0 = Debug|Any CPU
		{DB3CC4BD-54C7-40FE-915A-FAF83A897453}.Release|Any CPU.ActiveCfg = Release|Any CPU
		{DB3CC4BD-54C7-40FE-915A-FAF83A897453}.Release|Any CPU.Build.0 = Release|Any CPU
		{B483BE97-299E-465E-86D6-C8705464E16F}.Debug|Any CPU.ActiveCfg = Debug|Any CPU
		{B483BE97-299E-465E-86D6-C8705464E16F}.Debug|Any CPU.Build.0 = Debug|Any CPU
		{B483BE97-299E-465E-86D6-C8705464E16F}.Release|Any CPU.ActiveCfg = Release|Any CPU
		{B483BE97-299E-465E-86D6-C8705464E16F}.Release|Any CPU.Build.0 = Release|Any CPU
		{8E6E82CC-A259-49F5-85CF-46695B89314C}.Debug|Any CPU.ActiveCfg = Debug|Any CPU
		{8E6E82CC-A259-49F5-85CF-46695B89314C}.Debug|Any CPU.Build.0 = Debug|Any CPU
		{8E6E82CC-A259-49F5-85CF-46695B89314C}.Release|Any CPU.ActiveCfg = Release|Any CPU
		{8E6E82CC-A259-49F5-85CF-46695B89314C}.Release|Any CPU.Build.0 = Release|Any CPU
		{A7AB460C-CA0B-4502-A7C4-1BAD1DD775C2}.Debug|Any CPU.ActiveCfg = Debug|Any CPU
		{A7AB460C-CA0B-4502-A7C4-1BAD1DD775C2}.Debug|Any CPU.Build.0 = Debug|Any CPU
		{A7AB460C-CA0B-4502-A7C4-1BAD1DD775C2}.Release|Any CPU.ActiveCfg = Release|Any CPU
		{A7AB460C-CA0B-4502-A7C4-1BAD1DD775C2}.Release|Any CPU.Build.0 = Release|Any CPU
		{FCE8BB72-D57E-4FB2-A26A-17AB4A953024}.Debug|Any CPU.ActiveCfg = Debug|Any CPU
		{FCE8BB72-D57E-4FB2-A26A-17AB4A953024}.Debug|Any CPU.Build.0 = Debug|Any CPU
		{FCE8BB72-D57E-4FB2-A26A-17AB4A953024}.Release|Any CPU.ActiveCfg = Release|Any CPU
		{FCE8BB72-D57E-4FB2-A26A-17AB4A953024}.Release|Any CPU.Build.0 = Release|Any CPU
		{8F3E3C4C-178C-4933-BDE9-5C78240B355A}.Debug|Any CPU.ActiveCfg = Debug|Any CPU
		{8F3E3C4C-178C-4933-BDE9-5C78240B355A}.Debug|Any CPU.Build.0 = Debug|Any CPU
		{8F3E3C4C-178C-4933-BDE9-5C78240B355A}.Release|Any CPU.ActiveCfg = Release|Any CPU
		{8F3E3C4C-178C-4933-BDE9-5C78240B355A}.Release|Any CPU.Build.0 = Release|Any CPU
		{0FC21FFE-BA69-48BB-9D18-C50679B6BDBD}.Debug|Any CPU.ActiveCfg = Debug|Any CPU
		{0FC21FFE-BA69-48BB-9D18-C50679B6BDBD}.Debug|Any CPU.Build.0 = Debug|Any CPU
		{0FC21FFE-BA69-48BB-9D18-C50679B6BDBD}.Release|Any CPU.ActiveCfg = Release|Any CPU
		{0FC21FFE-BA69-48BB-9D18-C50679B6BDBD}.Release|Any CPU.Build.0 = Release|Any CPU
		{69481EFF-109B-4B3F-823F-C80DA55C32C3}.Debug|Any CPU.ActiveCfg = Debug|Any CPU
		{69481EFF-109B-4B3F-823F-C80DA55C32C3}.Debug|Any CPU.Build.0 = Debug|Any CPU
		{69481EFF-109B-4B3F-823F-C80DA55C32C3}.Release|Any CPU.ActiveCfg = Release|Any CPU
		{69481EFF-109B-4B3F-823F-C80DA55C32C3}.Release|Any CPU.Build.0 = Release|Any CPU
		{F0849145-F45C-4161-B577-BA1962BE5CD2}.Debug|Any CPU.ActiveCfg = Debug|Any CPU
		{F0849145-F45C-4161-B577-BA1962BE5CD2}.Debug|Any CPU.Build.0 = Debug|Any CPU
		{F0849145-F45C-4161-B577-BA1962BE5CD2}.Release|Any CPU.ActiveCfg = Release|Any CPU
		{F0849145-F45C-4161-B577-BA1962BE5CD2}.Release|Any CPU.Build.0 = Release|Any CPU
		{212B3A1C-5280-4E83-ACD9-A0D884956389}.Debug|Any CPU.ActiveCfg = Debug|Any CPU
		{212B3A1C-5280-4E83-ACD9-A0D884956389}.Debug|Any CPU.Build.0 = Debug|Any CPU
		{212B3A1C-5280-4E83-ACD9-A0D884956389}.Release|Any CPU.ActiveCfg = Release|Any CPU
		{212B3A1C-5280-4E83-ACD9-A0D884956389}.Release|Any CPU.Build.0 = Release|Any CPU
		{857CB9AE-9E4B-4E0D-95EF-3A6DC0902B95}.Debug|Any CPU.ActiveCfg = Debug|Any CPU
		{857CB9AE-9E4B-4E0D-95EF-3A6DC0902B95}.Debug|Any CPU.Build.0 = Debug|Any CPU
		{857CB9AE-9E4B-4E0D-95EF-3A6DC0902B95}.Release|Any CPU.ActiveCfg = Release|Any CPU
		{857CB9AE-9E4B-4E0D-95EF-3A6DC0902B95}.Release|Any CPU.Build.0 = Release|Any CPU
		{8E4DCAFE-B8BD-4214-8744-7AB3AC2F7E63}.Debug|Any CPU.ActiveCfg = Debug|Any CPU
		{8E4DCAFE-B8BD-4214-8744-7AB3AC2F7E63}.Debug|Any CPU.Build.0 = Debug|Any CPU
		{8E4DCAFE-B8BD-4214-8744-7AB3AC2F7E63}.Release|Any CPU.ActiveCfg = Release|Any CPU
		{8E4DCAFE-B8BD-4214-8744-7AB3AC2F7E63}.Release|Any CPU.Build.0 = Release|Any CPU
		{01EA2A7C-311D-40AD-B3D6-62F00CC0320C}.Debug|Any CPU.ActiveCfg = Debug|Any CPU
		{01EA2A7C-311D-40AD-B3D6-62F00CC0320C}.Debug|Any CPU.Build.0 = Debug|Any CPU
		{01EA2A7C-311D-40AD-B3D6-62F00CC0320C}.Release|Any CPU.ActiveCfg = Release|Any CPU
		{01EA2A7C-311D-40AD-B3D6-62F00CC0320C}.Release|Any CPU.Build.0 = Release|Any CPU
		{83E49314-0C12-4934-8821-C46C66184555}.Debug|Any CPU.ActiveCfg = Debug|Any CPU
		{83E49314-0C12-4934-8821-C46C66184555}.Debug|Any CPU.Build.0 = Debug|Any CPU
		{83E49314-0C12-4934-8821-C46C66184555}.Release|Any CPU.ActiveCfg = Release|Any CPU
		{83E49314-0C12-4934-8821-C46C66184555}.Release|Any CPU.Build.0 = Release|Any CPU
	EndGlobalSection
	GlobalSection(SolutionProperties) = preSolution
		HideSolutionNode = FALSE
	EndGlobalSection
	GlobalSection(NestedProjects) = preSolution
		{DB3CC4BD-54C7-40FE-915A-FAF83A897453} = {5CCA54FF-ABD8-4285-A698-1E4D93643A1D}
		{B483BE97-299E-465E-86D6-C8705464E16F} = {5CCA54FF-ABD8-4285-A698-1E4D93643A1D}
		{0FC21FFE-BA69-48BB-9D18-C50679B6BDBD} = {5CCA54FF-ABD8-4285-A698-1E4D93643A1D}
		{83E49314-0C12-4934-8821-C46C66184555} = {5CCA54FF-ABD8-4285-A698-1E4D93643A1D}
		{8E6E82CC-A259-49F5-85CF-46695B89314C} = {D8DAE76D-26AC-4F68-9932-C334F24C0A55}
		{A7AB460C-CA0B-4502-A7C4-1BAD1DD775C2} = {D8DAE76D-26AC-4F68-9932-C334F24C0A55}
		{FCE8BB72-D57E-4FB2-A26A-17AB4A953024} = {D51BFDB5-07BA-4138-8057-F02D8AEBA9BB}
		{8F3E3C4C-178C-4933-BDE9-5C78240B355A} = {D51BFDB5-07BA-4138-8057-F02D8AEBA9BB}
		{1C87B378-6081-4119-B495-9FB4E4104A22} = {D51BFDB5-07BA-4138-8057-F02D8AEBA9BB}
		{E3EF28B4-FBFE-408C-B704-EAC890D226F1} = {D51BFDB5-07BA-4138-8057-F02D8AEBA9BB}
		{01EA2A7C-311D-40AD-B3D6-62F00CC0320C} = {D51BFDB5-07BA-4138-8057-F02D8AEBA9BB}
		{857CB9AE-9E4B-4E0D-95EF-3A6DC0902B95} = {1C87B378-6081-4119-B495-9FB4E4104A22}
		{8E4DCAFE-B8BD-4214-8744-7AB3AC2F7E63} = {1C87B378-6081-4119-B495-9FB4E4104A22}
		{69481EFF-109B-4B3F-823F-C80DA55C32C3} = {E3EF28B4-FBFE-408C-B704-EAC890D226F1}
		{F0849145-F45C-4161-B577-BA1962BE5CD2} = {E3EF28B4-FBFE-408C-B704-EAC890D226F1}
		{212B3A1C-5280-4E83-ACD9-A0D884956389} = {E3EF28B4-FBFE-408C-B704-EAC890D226F1}
	EndGlobalSection
EndGlobal
